
Microsoft Visual Studio Solution File, Format Version 12.00
# Visual Studio Version 17
VisualStudioVersion = 17.8.34330.188
MinimumVisualStudioVersion = 10.0.40219.1
Project("{FAE04EC0-301F-11D3-BF4B-00C04F79EFBC}") = "TicketsApp", "TicketsApp\TicketsApp.csproj", "{89779F8C-AA17-4075-9177-E5A7553124EB}"
EndProject
Global
	GlobalSection(SolutionConfigurationPlatforms) = preSolution
		Debug|Any CPU = Debug|Any CPU
		Release|Any CPU = Release|Any CPU
	EndGlobalSection
	GlobalSection(ProjectConfigurationPlatforms) = postSolution
		{89779F8C-AA17-4075-9177-E5A7553124EB}.Debug|Any CPU.ActiveCfg = Debug|Any CPU
		{89779F8C-AA17-4075-9177-E5A7553124EB}.Debug|Any CPU.Build.0 = Debug|Any CPU
		{89779F8C-AA17-4075-9177-E5A7553124EB}.Release|Any CPU.ActiveCfg = Release|Any CPU
		{89779F8C-AA17-4075-9177-E5A7553124EB}.Release|Any CPU.Build.0 = Release|Any CPU
	EndGlobalSection
	GlobalSection(SolutionProperties) = preSolution
		HideSolutionNode = FALSE
	EndGlobalSection
	GlobalSection(ExtensibilityGlobals) = postSolution
		SolutionGuid = {7C392D62-21A7-421D-A2CC-2DB407A766D2}
	EndGlobalSection
EndGlobal
