
Microsoft Visual Studio Solution File, Format Version 12.00
# Visual Studio Version 17
VisualStudioVersion = 17.8.34330.188
MinimumVisualStudioVersion = 10.0.40219.1
Project("{FAE04EC0-301F-11D3-BF4B-00C04F79EFBC}") = "TicketsApp", "TicketsApp\TicketsApp.csproj", "{E0E68D5E-6225-4678-99D3-618D1323386D}"
EndProject
Project("{FAE04EC0-301F-11D3-BF4B-00C04F79EFBC}") = "TicketsApp.Api", "TicketsApp.Api\TicketsApp.Api.csproj", "{42046570-A9FC-4F11-AEEC-BA8E36AA4740}"
EndProject
Project("{FAE04EC0-301F-11D3-BF4B-00C04F79EFBC}") = "Shared", "Shared\Shared.csproj", "{DC40AC6A-4A77-485E-8494-E1667DA9291E}"
EndProject
Global
	GlobalSection(SolutionConfigurationPlatforms) = preSolution
		Debug|Any CPU = Debug|Any CPU
		Release|Any CPU = Release|Any CPU
	EndGlobalSection
	GlobalSection(ProjectConfigurationPlatforms) = postSolution
		{E0E68D5E-6225-4678-99D3-618D1323386D}.Debug|Any CPU.ActiveCfg = Debug|Any CPU
		{E0E68D5E-6225-4678-99D3-618D1323386D}.Debug|Any CPU.Build.0 = Debug|Any CPU
		{E0E68D5E-6225-4678-99D3-618D1323386D}.Release|Any CPU.ActiveCfg = Release|Any CPU
		{E0E68D5E-6225-4678-99D3-618D1323386D}.Release|Any CPU.Build.0 = Release|Any CPU
		{42046570-A9FC-4F11-AEEC-BA8E36AA4740}.Debug|Any CPU.ActiveCfg = Debug|Any CPU
		{42046570-A9FC-4F11-AEEC-BA8E36AA4740}.Debug|Any CPU.Build.0 = Debug|Any CPU
		{42046570-A9FC-4F11-AEEC-BA8E36AA4740}.Release|Any CPU.ActiveCfg = Release|Any CPU
		{42046570-A9FC-4F11-AEEC-BA8E36AA4740}.Release|Any CPU.Build.0 = Release|Any CPU
		{DC40AC6A-4A77-485E-8494-E1667DA9291E}.Debug|Any CPU.ActiveCfg = Debug|Any CPU
		{DC40AC6A-4A77-485E-8494-E1667DA9291E}.Debug|Any CPU.Build.0 = Debug|Any CPU
		{DC40AC6A-4A77-485E-8494-E1667DA9291E}.Release|Any CPU.ActiveCfg = Release|Any CPU
		{DC40AC6A-4A77-485E-8494-E1667DA9291E}.Release|Any CPU.Build.0 = Release|Any CPU
	EndGlobalSection
	GlobalSection(SolutionProperties) = preSolution
		HideSolutionNode = FALSE
	EndGlobalSection
	GlobalSection(ExtensibilityGlobals) = postSolution
		SolutionGuid = {05E378A8-DD1D-42F3-ABE4-B7D906454DBB}
	EndGlobalSection
EndGlobal
